
Microsoft Visual Studio Solution File, Format Version 12.00
# Visual Studio 2012
Project("{FAE04EC0-301F-11D3-BF4B-00C04F79EFBC}") = "GestureProcessingLibrary", "GestureProcessingLibrary\GestureProcessingLibrary.csproj", "{3CE985A7-53A2-45A0-9FAA-06CDECE0B9B7}"
EndProject
Project("{FAE04EC0-301F-11D3-BF4B-00C04F79EFBC}") = "KinectGestureLearner", "KinectGestureLearner\KinectGestureLearner.csproj", "{658774E9-4221-4890-8CA2-3FD6F8030121}"
EndProject
Global
	GlobalSection(SolutionConfigurationPlatforms) = preSolution
		Debug|Any CPU = Debug|Any CPU
		Debug|ARM = Debug|ARM
		Debug|x64 = Debug|x64
		Debug|x86 = Debug|x86
		Release|Any CPU = Release|Any CPU
		Release|ARM = Release|ARM
		Release|x64 = Release|x64
		Release|x86 = Release|x86
	EndGlobalSection
	GlobalSection(ProjectConfigurationPlatforms) = postSolution
		{3CE985A7-53A2-45A0-9FAA-06CDECE0B9B7}.Debug|Any CPU.ActiveCfg = Debug|Any CPU
		{3CE985A7-53A2-45A0-9FAA-06CDECE0B9B7}.Debug|Any CPU.Build.0 = Debug|Any CPU
		{3CE985A7-53A2-45A0-9FAA-06CDECE0B9B7}.Debug|ARM.ActiveCfg = Debug|Any CPU
		{3CE985A7-53A2-45A0-9FAA-06CDECE0B9B7}.Debug|x64.ActiveCfg = Debug|Any CPU
		{3CE985A7-53A2-45A0-9FAA-06CDECE0B9B7}.Debug|x86.ActiveCfg = Debug|Any CPU
		{3CE985A7-53A2-45A0-9FAA-06CDECE0B9B7}.Release|Any CPU.ActiveCfg = Release|Any CPU
		{3CE985A7-53A2-45A0-9FAA-06CDECE0B9B7}.Release|Any CPU.Build.0 = Release|Any CPU
		{3CE985A7-53A2-45A0-9FAA-06CDECE0B9B7}.Release|ARM.ActiveCfg = Release|Any CPU
		{3CE985A7-53A2-45A0-9FAA-06CDECE0B9B7}.Release|x64.ActiveCfg = Release|Any CPU
		{3CE985A7-53A2-45A0-9FAA-06CDECE0B9B7}.Release|x86.ActiveCfg = Release|Any CPU
		{658774E9-4221-4890-8CA2-3FD6F8030121}.Debug|Any CPU.ActiveCfg = Debug|Any CPU
		{658774E9-4221-4890-8CA2-3FD6F8030121}.Debug|Any CPU.Build.0 = Debug|Any CPU
		{658774E9-4221-4890-8CA2-3FD6F8030121}.Debug|ARM.ActiveCfg = Debug|Any CPU
		{658774E9-4221-4890-8CA2-3FD6F8030121}.Debug|x64.ActiveCfg = Debug|Any CPU
		{658774E9-4221-4890-8CA2-3FD6F8030121}.Debug|x86.ActiveCfg = Debug|Any CPU
		{658774E9-4221-4890-8CA2-3FD6F8030121}.Release|Any CPU.ActiveCfg = Release|Any CPU
		{658774E9-4221-4890-8CA2-3FD6F8030121}.Release|Any CPU.Build.0 = Release|Any CPU
		{658774E9-4221-4890-8CA2-3FD6F8030121}.Release|ARM.ActiveCfg = Release|Any CPU
		{658774E9-4221-4890-8CA2-3FD6F8030121}.Release|x64.ActiveCfg = Release|Any CPU
		{658774E9-4221-4890-8CA2-3FD6F8030121}.Release|x86.ActiveCfg = Release|Any CPU
	EndGlobalSection
	GlobalSection(SolutionProperties) = preSolution
		HideSolutionNode = FALSE
	EndGlobalSection
EndGlobal
